
Microsoft Visual Studio Solution File, Format Version 12.00
# Visual Studio Version 16
VisualStudioVersion = 16.0.30907.101
MinimumVisualStudioVersion = 10.0.40219.1
Project("{FAE04EC0-301F-11D3-BF4B-00C04F79EFBC}") = "ExcelGetnetServices", "ExcelGetnetServices\ExcelGetnetServices.csproj", "{500A3FE1-BF26-40F7-A52B-9FC4C6D0CD2C}"
EndProject
Global
	GlobalSection(SolutionConfigurationPlatforms) = preSolution
		Debug|Any CPU = Debug|Any CPU
		Release|Any CPU = Release|Any CPU
	EndGlobalSection
	GlobalSection(ProjectConfigurationPlatforms) = postSolution
		{500A3FE1-BF26-40F7-A52B-9FC4C6D0CD2C}.Debug|Any CPU.ActiveCfg = Debug|Any CPU
		{500A3FE1-BF26-40F7-A52B-9FC4C6D0CD2C}.Debug|Any CPU.Build.0 = Debug|Any CPU
		{500A3FE1-BF26-40F7-A52B-9FC4C6D0CD2C}.Release|Any CPU.ActiveCfg = Release|Any CPU
		{500A3FE1-BF26-40F7-A52B-9FC4C6D0CD2C}.Release|Any CPU.Build.0 = Release|Any CPU
	EndGlobalSection
	GlobalSection(SolutionProperties) = preSolution
		HideSolutionNode = FALSE
	EndGlobalSection
	GlobalSection(ExtensibilityGlobals) = postSolution
		SolutionGuid = {503DBC90-EB34-497E-BF1F-C0A95F8EDFFA}
	EndGlobalSection
EndGlobal
